
Microsoft Visual Studio Solution File, Format Version 12.00
# Visual Studio Version 16
VisualStudioVersion = 16.0.30621.155
MinimumVisualStudioVersion = 10.0.40219.1
Project("{8BC9CEB8-8B4A-11D0-8D11-00A0C91BC942}") = "Source_Code", "Source_Code\Source_Code.vcxitems", "{C0756321-0018-4484-B7B9-27A297073945}"
EndProject
Project("{8BC9CEB8-8B4A-11D0-8D11-00A0C91BC942}") = "Build_Windows", "Build_Windows\Build_Windows.vcxproj", "{A67B80E6-9B7C-4803-9D85-20140BA3B09A}"
EndProject
Project("{8BC9CEB8-8B4A-11D0-8D11-00A0C91BC942}") = "Build_UWP", "Build_UWP\Build_UWP.vcxproj", "{633669BF-7093-47E3-AE75-BF01F452A200}"
EndProject
Project("{8BC9CEB8-8B4A-11D0-8D11-00A0C91BC942}") = "Application_Windows", "Application_Windows\Application_Windows.vcxproj", "{68712E14-2BA8-4F34-B678-123D10DB3BD4}"
EndProject
Project("{8BC9CEB8-8B4A-11D0-8D11-00A0C91BC942}") = "Application_UWP", "Application_UWP\Application_UWP_CX.vcxproj", "{49C6E59F-94E1-406A-84E7-0E2835FF6DAB}"
EndProject
Project("{2150E333-8FDC-42A3-9474-1A3956D46DE8}") = "Build Rules", "Build Rules", "{E7A8E755-8E9A-4E04-AF1D-EEF9F8F7A8C6}"
EndProject
Project("{2150E333-8FDC-42A3-9474-1A3956D46DE8}") = "Applications", "Applications", "{DD3608EB-2054-4228-909A-64CDDF1EBEC6}"
EndProject
Global
	GlobalSection(SharedMSBuildProjectFiles) = preSolution
		Source_Code\Source_Code.vcxitems*{633669bf-7093-47e3-ae75-bf01f452a200}*SharedItemsImports = 4
		Source_Code\Source_Code.vcxitems*{a67b80e6-9b7c-4803-9d85-20140ba3b09a}*SharedItemsImports = 4
		Source_Code\Source_Code.vcxitems*{c0756321-0018-4484-b7b9-27a297073945}*SharedItemsImports = 9
	EndGlobalSection
	GlobalSection(SolutionConfigurationPlatforms) = preSolution
		Debug|ARM = Debug|ARM
		Debug|ARM64 = Debug|ARM64
		Debug|x64 = Debug|x64
		Debug|x86 = Debug|x86
		Release|ARM = Release|ARM
		Release|ARM64 = Release|ARM64
		Release|x64 = Release|x64
		Release|x86 = Release|x86
	EndGlobalSection
	GlobalSection(ProjectConfigurationPlatforms) = postSolution
		{A67B80E6-9B7C-4803-9D85-20140BA3B09A}.Debug|ARM.ActiveCfg = Debug|Win32
		{A67B80E6-9B7C-4803-9D85-20140BA3B09A}.Debug|ARM64.ActiveCfg = Debug|Win32
		{A67B80E6-9B7C-4803-9D85-20140BA3B09A}.Debug|x64.ActiveCfg = Debug|x64
		{A67B80E6-9B7C-4803-9D85-20140BA3B09A}.Debug|x64.Build.0 = Debug|x64
		{A67B80E6-9B7C-4803-9D85-20140BA3B09A}.Debug|x86.ActiveCfg = Debug|Win32
		{A67B80E6-9B7C-4803-9D85-20140BA3B09A}.Debug|x86.Build.0 = Debug|Win32
		{A67B80E6-9B7C-4803-9D85-20140BA3B09A}.Release|ARM.ActiveCfg = Release|Win32
		{A67B80E6-9B7C-4803-9D85-20140BA3B09A}.Release|ARM64.ActiveCfg = Release|Win32
		{A67B80E6-9B7C-4803-9D85-20140BA3B09A}.Release|x64.ActiveCfg = Release|x64
		{A67B80E6-9B7C-4803-9D85-20140BA3B09A}.Release|x64.Build.0 = Release|x64
		{A67B80E6-9B7C-4803-9D85-20140BA3B09A}.Release|x86.ActiveCfg = Release|Win32
		{A67B80E6-9B7C-4803-9D85-20140BA3B09A}.Release|x86.Build.0 = Release|Win32
		{633669BF-7093-47E3-AE75-BF01F452A200}.Debug|ARM.ActiveCfg = Debug|ARM
		{633669BF-7093-47E3-AE75-BF01F452A200}.Debug|ARM.Build.0 = Debug|ARM
		{633669BF-7093-47E3-AE75-BF01F452A200}.Debug|ARM64.ActiveCfg = Debug|Win32
		{633669BF-7093-47E3-AE75-BF01F452A200}.Debug|x64.ActiveCfg = Debug|x64
		{633669BF-7093-47E3-AE75-BF01F452A200}.Debug|x64.Build.0 = Debug|x64
		{633669BF-7093-47E3-AE75-BF01F452A200}.Debug|x86.ActiveCfg = Debug|Win32
		{633669BF-7093-47E3-AE75-BF01F452A200}.Debug|x86.Build.0 = Debug|Win32
		{633669BF-7093-47E3-AE75-BF01F452A200}.Release|ARM.ActiveCfg = Release|ARM
		{633669BF-7093-47E3-AE75-BF01F452A200}.Release|ARM.Build.0 = Release|ARM
		{633669BF-7093-47E3-AE75-BF01F452A200}.Release|ARM64.ActiveCfg = Release|Win32
		{633669BF-7093-47E3-AE75-BF01F452A200}.Release|x64.ActiveCfg = Release|x64
		{633669BF-7093-47E3-AE75-BF01F452A200}.Release|x64.Build.0 = Release|x64
		{633669BF-7093-47E3-AE75-BF01F452A200}.Release|x86.ActiveCfg = Release|Win32
		{633669BF-7093-47E3-AE75-BF01F452A200}.Release|x86.Build.0 = Release|Win32
		{68712E14-2BA8-4F34-B678-123D10DB3BD4}.Debug|ARM.ActiveCfg = Debug|Win32
		{68712E14-2BA8-4F34-B678-123D10DB3BD4}.Debug|ARM64.ActiveCfg = Debug|Win32
		{68712E14-2BA8-4F34-B678-123D10DB3BD4}.Debug|x64.ActiveCfg = Debug|x64
		{68712E14-2BA8-4F34-B678-123D10DB3BD4}.Debug|x64.Build.0 = Debug|x64
		{68712E14-2BA8-4F34-B678-123D10DB3BD4}.Debug|x86.ActiveCfg = Debug|Win32
		{68712E14-2BA8-4F34-B678-123D10DB3BD4}.Debug|x86.Build.0 = Debug|Win32
		{68712E14-2BA8-4F34-B678-123D10DB3BD4}.Release|ARM.ActiveCfg = Release|Win32
		{68712E14-2BA8-4F34-B678-123D10DB3BD4}.Release|ARM64.ActiveCfg = Release|Win32
		{68712E14-2BA8-4F34-B678-123D10DB3BD4}.Release|x64.ActiveCfg = Release|x64
		{68712E14-2BA8-4F34-B678-123D10DB3BD4}.Release|x64.Build.0 = Release|x64
		{68712E14-2BA8-4F34-B678-123D10DB3BD4}.Release|x86.ActiveCfg = Release|Win32
		{68712E14-2BA8-4F34-B678-123D10DB3BD4}.Release|x86.Build.0 = Release|Win32
		{49C6E59F-94E1-406A-84E7-0E2835FF6DAB}.Debug|ARM.ActiveCfg = Debug|ARM
		{49C6E59F-94E1-406A-84E7-0E2835FF6DAB}.Debug|ARM.Build.0 = Debug|ARM
		{49C6E59F-94E1-406A-84E7-0E2835FF6DAB}.Debug|ARM.Deploy.0 = Debug|ARM
		{49C6E59F-94E1-406A-84E7-0E2835FF6DAB}.Debug|ARM64.ActiveCfg = Debug|ARM64
		{49C6E59F-94E1-406A-84E7-0E2835FF6DAB}.Debug|ARM64.Build.0 = Debug|ARM64
		{49C6E59F-94E1-406A-84E7-0E2835FF6DAB}.Debug|ARM64.Deploy.0 = Debug|ARM64
		{49C6E59F-94E1-406A-84E7-0E2835FF6DAB}.Debug|x64.ActiveCfg = Debug|x64
		{49C6E59F-94E1-406A-84E7-0E2835FF6DAB}.Debug|x64.Build.0 = Debug|x64
		{49C6E59F-94E1-406A-84E7-0E2835FF6DAB}.Debug|x64.Deploy.0 = Debug|x64
		{49C6E59F-94E1-406A-84E7-0E2835FF6DAB}.Debug|x86.ActiveCfg = Debug|Win32
		{49C6E59F-94E1-406A-84E7-0E2835FF6DAB}.Debug|x86.Build.0 = Debug|Win32
		{49C6E59F-94E1-406A-84E7-0E2835FF6DAB}.Debug|x86.Deploy.0 = Debug|Win32
		{49C6E59F-94E1-406A-84E7-0E2835FF6DAB}.Release|ARM.ActiveCfg = Release|ARM
		{49C6E59F-94E1-406A-84E7-0E2835FF6DAB}.Release|ARM.Build.0 = Release|ARM
		{49C6E59F-94E1-406A-84E7-0E2835FF6DAB}.Release|ARM.Deploy.0 = Release|ARM
		{49C6E59F-94E1-406A-84E7-0E2835FF6DAB}.Release|ARM64.ActiveCfg = Release|ARM64
		{49C6E59F-94E1-406A-84E7-0E2835FF6DAB}.Release|ARM64.Build.0 = Release|ARM64
		{49C6E59F-94E1-406A-84E7-0E2835FF6DAB}.Release|ARM64.Deploy.0 = Release|ARM64
		{49C6E59F-94E1-406A-84E7-0E2835FF6DAB}.Release|x64.ActiveCfg = Release|x64
		{49C6E59F-94E1-406A-84E7-0E2835FF6DAB}.Release|x64.Build.0 = Release|x64
		{49C6E59F-94E1-406A-84E7-0E2835FF6DAB}.Release|x64.Deploy.0 = Release|x64
		{49C6E59F-94E1-406A-84E7-0E2835FF6DAB}.Release|x86.ActiveCfg = Release|Win32
		{49C6E59F-94E1-406A-84E7-0E2835FF6DAB}.Release|x86.Build.0 = Release|Win32
		{49C6E59F-94E1-406A-84E7-0E2835FF6DAB}.Release|x86.Deploy.0 = Release|Win32
	EndGlobalSection
	GlobalSection(SolutionProperties) = preSolution
		HideSolutionNode = FALSE
	EndGlobalSection
	GlobalSection(NestedProjects) = preSolution
		{A67B80E6-9B7C-4803-9D85-20140BA3B09A} = {E7A8E755-8E9A-4E04-AF1D-EEF9F8F7A8C6}
		{633669BF-7093-47E3-AE75-BF01F452A200} = {E7A8E755-8E9A-4E04-AF1D-EEF9F8F7A8C6}
		{68712E14-2BA8-4F34-B678-123D10DB3BD4} = {DD3608EB-2054-4228-909A-64CDDF1EBEC6}
		{49C6E59F-94E1-406A-84E7-0E2835FF6DAB} = {DD3608EB-2054-4228-909A-64CDDF1EBEC6}
	EndGlobalSection
	GlobalSection(ExtensibilityGlobals) = postSolution
		SolutionGuid = {3E38C3D8-5294-458E-BEE6-BE7987F2CB2F}
	EndGlobalSection
EndGlobal
